<?xml version="1.0" encoding="utf-8"?>
<Project ToolsVersion="4.0" xmlns="http://schemas.microsoft.com/developer/msbuild/2003">
  <ItemGroup>
    <Filter Include="Source Files">
      <UniqueIdentifier>{4FC737F1-C7A5-4376-A066-2A32D752A2FF}</UniqueIdentifier>
      <Extensions>cpp;c;cc;cxx;c++;cppm;ixx;def;odl;idl;hpj;bat;asm;asmx</Extensions>
    </Filter>
    <Filter Include="Header Files">
      <UniqueIdentifier>{93995380-89BD-4b04-88EB-625FBE52EBFB}</UniqueIdentifier>
      <Extensions>h;hh;hpp;hxx;h++;hm;inl;inc;ipp;xsd</Extensions>
    </Filter>
    <Filter Include="Resource Files">
      <UniqueIdentifier>{67DA6AB6-F800-4c08-8B7A-83BB121AAD01}</UniqueIdentifier>
      <Extensions>rc;ico;cur;bmp;dlg;rc2;rct;bin;rgs;gif;jpg;jpeg;jpe;resx;tiff;tif;png;wav;mfcribbon-ms</Extensions>
    </Filter>
    <Filter Include="Source Files\imgui">
      <UniqueIdentifier>{e3d56029-3c11-445e-b5be-6663ae2ed40f}</UniqueIdentifier>
    </Filter>
    <Filter Include="Header Files\imgui">
      <UniqueIdentifier>{fa8540eb-6389-4aae-a1d5-6587518a9205}</UniqueIdentifier>
    </Filter>
  </ItemGroup>
  <ItemGroup>
    <ClCompile Include="glad.c">
      <Filter>Source Files</Filter>
    </ClCompile>
    <ClCompile Include="main.cpp">
      <Filter>Source Files</Filter>
    </ClCompile>
    <ClCompile Include="Camera.cpp">
      <Filter>Source Files</Filter>
    </ClCompile>
    <ClCompile Include="Transform.cpp">
      <Filter>Source Files</Filter>
    </ClCompile>
    <ClCompile Include="FluidSimulation.cpp">
      <Filter>Source Files</Filter>
    </ClCompile>
    <ClCompile Include="..\includes\imgui\imgui.cpp">
      <Filter>Source Files\imgui</Filter>
    </ClCompile>
    <ClCompile Include="..\includes\imgui\imgui_demo.cpp">
      <Filter>Source Files\imgui</Filter>
    </ClCompile>
    <ClCompile Include="..\includes\imgui\imgui_draw.cpp">
      <Filter>Source Files\imgui</Filter>
    </ClCompile>
    <ClCompile Include="..\includes\imgui\imgui_impl_glfw.cpp">
      <Filter>Source Files\imgui</Filter>
    </ClCompile>
    <ClCompile Include="..\includes\imgui\imgui_impl_opengl3.cpp">
      <Filter>Source Files\imgui</Filter>
    </ClCompile>
    <ClCompile Include="..\includes\imgui\imgui_tables.cpp">
      <Filter>Source Files\imgui</Filter>
    </ClCompile>
    <ClCompile Include="..\includes\imgui\imgui_widgets.cpp">
      <Filter>Source Files\imgui</Filter>
    </ClCompile>
    <ClCompile Include="GUIHandler.cpp">
      <Filter>Source Files</Filter>
    </ClCompile>
    <ClCompile Include="FluidEngine.cpp">
      <Filter>Source Files</Filter>
    </ClCompile>
    <ClCompile Include="InputHandler.cpp">
      <Filter>Source Files</Filter>
    </ClCompile>
    <ClCompile Include="FluidRenderer.cpp">
      <Filter>Source Files</Filter>
    </ClCompile>
    <ClCompile Include="SphereRenderer.cpp">
      <Filter>Source Files</Filter>
    </ClCompile>
    <ClCompile Include="FluidContainer.cpp">
      <Filter>Source Files</Filter>
    </ClCompile>
    <ClCompile Include="PlaneRenderer.cpp">
      <Filter>Source Files</Filter>
    </ClCompile>
    <ClCompile Include="SpatialHashGrid.cpp">
      <Filter>Source Files</Filter>
    </ClCompile>
    <ClCompile Include="Utility.cpp">
      <Filter>Source Files</Filter>
    </ClCompile>
    <ClCompile Include="FluidSimulationGPU.cpp">
      <Filter>Source Files</Filter>
    </ClCompile>
    <ClCompile Include="stb_image.c">
      <Filter>Source Files</Filter>
    </ClCompile>
    <ClCompile Include="CubeMapRenderer.cpp">
      <Filter>Source Files</Filter>
    </ClCompile>
    <ClCompile Include="FluidRaymarcher.cpp">
      <Filter>Source Files</Filter>
    </ClCompile>
    <ClCompile Include="CubeMapManager.cpp">
      <Filter>Source Files</Filter>
    </ClCompile>
    <ClCompile Include="CubeRenderer.cpp">
      <Filter>Source Files</Filter>
    </ClCompile>
  </ItemGroup>
  <ItemGroup>
    <ClInclude Include="Camera.h">
      <Filter>Header Files</Filter>
    </ClInclude>
    <ClInclude Include="ComputeShader.h">
      <Filter>Header Files</Filter>
    </ClInclude>
    <ClInclude Include="Transform.h">
      <Filter>Header Files</Filter>
    </ClInclude>
    <ClInclude Include="FluidEngine.h">
      <Filter>Header Files</Filter>
    </ClInclude>
    <ClInclude Include="FluidEngineConfig.h">
      <Filter>Header Files</Filter>
    </ClInclude>
    <ClInclude Include="FluidSimulation.h">
      <Filter>Header Files</Filter>
    </ClInclude>
    <ClInclude Include="..\includes\imgui\imconfig.h">
      <Filter>Header Files\imgui</Filter>
    </ClInclude>
    <ClInclude Include="..\includes\imgui\imgui.h">
      <Filter>Header Files\imgui</Filter>
    </ClInclude>
    <ClInclude Include="..\includes\imgui\imgui_impl_glfw.h">
      <Filter>Header Files\imgui</Filter>
    </ClInclude>
    <ClInclude Include="..\includes\imgui\imgui_impl_opengl3.h">
      <Filter>Header Files\imgui</Filter>
    </ClInclude>
    <ClInclude Include="..\includes\imgui\imgui_impl_opengl3_loader.h">
      <Filter>Header Files\imgui</Filter>
    </ClInclude>
    <ClInclude Include="..\includes\imgui\imgui_internal.h">
      <Filter>Header Files\imgui</Filter>
    </ClInclude>
    <ClInclude Include="..\includes\imgui\imstb_rectpack.h">
      <Filter>Header Files\imgui</Filter>
    </ClInclude>
    <ClInclude Include="..\includes\imgui\imstb_textedit.h">
      <Filter>Header Files\imgui</Filter>
    </ClInclude>
    <ClInclude Include="..\includes\imgui\imstb_truetype.h">
      <Filter>Header Files\imgui</Filter>
    </ClInclude>
    <ClInclude Include="GUIHandler.h">
      <Filter>Header Files</Filter>
    </ClInclude>
    <ClInclude Include="InputHandler.h">
      <Filter>Header Files</Filter>
    </ClInclude>
    <ClInclude Include="CameraConfig.h">
      <Filter>Header Files</Filter>
    </ClInclude>
    <ClInclude Include="FluidRenderer.h">
      <Filter>Header Files</Filter>
    </ClInclude>
    <ClInclude Include="FluidSimulationConfig.h">
      <Filter>Header Files</Filter>
    </ClInclude>
    <ClInclude Include="SphereRenderer.h">
      <Filter>Header Files</Filter>
    </ClInclude>
    <ClInclude Include="SphereRendererConfig.h">
      <Filter>Header Files</Filter>
    </ClInclude>
    <ClInclude Include="Particle.h">
      <Filter>Header Files</Filter>
    </ClInclude>
    <ClInclude Include="FluidContainer.h">
      <Filter>Header Files</Filter>
    </ClInclude>
    <ClInclude Include="PlaneRenderer.h">
      <Filter>Header Files</Filter>
    </ClInclude>
    <ClInclude Include="PlaneRendererConfig.h">
      <Filter>Header Files</Filter>
    </ClInclude>
    <ClInclude Include="SpatialHashGrid.h">
      <Filter>Header Files</Filter>
    </ClInclude>
    <ClInclude Include="Utility.h">
      <Filter>Header Files</Filter>
    </ClInclude>
    <ClInclude Include="FluidSimulationGPU.h">
      <Filter>Header Files</Filter>
    </ClInclude>
    <ClInclude Include="CubeMapRenderer.h">
      <Filter>Header Files</Filter>
    </ClInclude>
    <ClInclude Include="FluidRaymarcherConfig.h">
      <Filter>Header Files</Filter>
    </ClInclude>
    <ClInclude Include="CubeMapManager.h">
      <Filter>Header Files</Filter>
    </ClInclude>
    <ClInclude Include="CubeMapManagerConfig.h">
      <Filter>Header Files</Filter>
    </ClInclude>
    <ClInclude Include="CubeRenderer.h">
      <Filter>Header Files</Filter>
    </ClInclude>
    <ClInclude Include="CubeRendererConfig.h">
      <Filter>Header Files</Filter>
    </ClInclude>
  </ItemGroup>
  <ItemGroup>
    <None Include="shaders\SimpleShader.frag" />
    <None Include="shaders\SimpleShader.vert" />
    <None Include="shaders\SimpleInstancingShader.frag" />
    <None Include="shaders\SimpleInstancingShader.vert" />
    <None Include="shaders\PlaneShader.frag" />
    <None Include="shaders\PlaneShader.vert" />
  </ItemGroup>
</Project>